
Microsoft Visual Studio Solution File, Format Version 12.00
# Visual Studio Version 16
VisualStudioVersion = 16.0.33423.256
MinimumVisualStudioVersion = 10.0.40219.1
Project("{FAE04EC0-301F-11D3-BF4B-00C04F79EFBC}") = "ShowTime", "ShowTime\ShowTime.csproj", "{5A2D62C4-4CE6-46C9-AFAD-38C4932481FD}"
EndProject
Global
	GlobalSection(SolutionConfigurationPlatforms) = preSolution
		Debug|Any CPU = Debug|Any CPU
		Release|Any CPU = Release|Any CPU
	EndGlobalSection
	GlobalSection(ProjectConfigurationPlatforms) = postSolution
		{5A2D62C4-4CE6-46C9-AFAD-38C4932481FD}.Debug|Any CPU.ActiveCfg = Debug|Any CPU
		{5A2D62C4-4CE6-46C9-AFAD-38C4932481FD}.Debug|Any CPU.Build.0 = Debug|Any CPU
		{5A2D62C4-4CE6-46C9-AFAD-38C4932481FD}.Release|Any CPU.ActiveCfg = Release|Any CPU
		{5A2D62C4-4CE6-46C9-AFAD-38C4932481FD}.Release|Any CPU.Build.0 = Release|Any CPU
	EndGlobalSection
	GlobalSection(SolutionProperties) = preSolution
		HideSolutionNode = FALSE
	EndGlobalSection
	GlobalSection(ExtensibilityGlobals) = postSolution
		SolutionGuid = {63BEF280-55A6-44C0-861D-60785F5093ED}
	EndGlobalSection
EndGlobal
